dependencies:
- name: redis-cluster
  repository: https://charts.bitnami.com/bitnami
  version: 8.4.4
- name: postgresql
  repository: https://charts.bitnami.com/bitnami
  version: 12.4.3
digest: sha256:9a4dcbf04bb36a722f6da9b301f3684b49f91cfb634e94a94e290507e0e5508e
generated: "2023-05-10T11:06:43.012545+01:00"
